// !$*UTF8*$!
{
	archiveVersion = 1;
	classes = {
	};
	objectVersion = 50;
	objects = {

/* Begin PBXBuildFile section */
		52945FD525DCFB27005C53DA /* AppDelegate.m in Sources */ = {isa = PBXBuildFile; fileRef = 52945FD425DCFB27005C53DA /* AppDelegate.m */; };
		52945FD825DCFB27005C53DA /* SceneDelegate.m in Sources */ = {isa = PBXBuildFile; fileRef = 52945FD725DCFB27005C53DA /* SceneDelegate.m */; };
		52945FDB25DCFB27005C53DA /* ViewController.m in Sources */ = {isa = PBXBuildFile; fileRef = 52945FDA25DCFB27005C53DA /* ViewController.m */; };
		52945FDE25DCFB27005C53DA /* Main.storyboard in Resources */ = {isa = PBXBuildFile; fileRef = 52945FDC25DCFB27005C53DA /* Main.storyboard */; };
		52945FE025DCFB28005C53DA /* Assets.xcassets in Resources */ = {isa = PBXBuildFile; fileRef = 52945FDF25DCFB28005C53DA /* Assets.xcassets */; };
		52945FE325DCFB28005C53DA /* LaunchScreen.storyboard in Resources */ = {isa = PBXBuildFile; fileRef = 52945FE125DCFB28005C53DA /* LaunchScreen.storyboard */; };
		52945FE625DCFB28005C53DA /* main.m in Sources */ = {isa = PBXBuildFile; fileRef = 52945FE525DCFB28005C53DA /* main.m */; };
		52945FF025DCFB28005C53DA /* unLockTests.m in Sources */ = {isa = PBXBuildFile; fileRef = 52945FEF25DCFB28005C53DA /* unLockTests.m */; };
		52945FFB25DCFB28005C53DA /* unLockUITests.m in Sources */ = {isa = PBXBuildFile; fileRef = 52945FFA25DCFB28005C53DA /* unLockUITests.m */; };
		5294600D25DCFBEE005C53DA /* unLockView.m in Sources */ = {isa = PBXBuildFile; fileRef = 5294600C25DCFBEE005C53DA /* unLockView.m */; };
/* End PBXBuildFile section */

/* Begin PBXContainerItemProxy section */
		52945FEC25DCFB28005C53DA /* PBXContainerItemProxy */ = {
			isa = PBXContainerItemProxy;
			containerPortal = 52945FC825DCFB27005C53DA /* Project object */;
			proxyType = 1;
			remoteGlobalIDString = 52945FCF25DCFB27005C53DA;
			remoteInfo = unLock;
		};
		52945FF725DCFB28005C53DA /* PBXContainerItemProxy */ = {
			isa = PBXContainerItemProxy;
			containerPortal = 52945FC825DCFB27005C53DA /* Project object */;
			proxyType = 1;
			remoteGlobalIDString = 52945FCF25DCFB27005C53DA;
			remoteInfo = unLock;
		};
/* End PBXContainerItemProxy section */

/* Begin PBXFileReference section */
		52945FD025DCFB27005C53DA /* unLock.app */ = {isa = PBXFileReference; explicitFileType = wrapper.application; includeInIndex = 0; path = unLock.app; sourceTree = BUILT_PRODUCTS_DIR; };
		52945FD325DCFB27005C53DA /* AppDelegate.h */ = {isa = PBXFileReference; lastKnownFileType = sourcecode.c.h; path = AppDelegate.h; sourceTree = "<group>"; };
		52945FD425DCFB27005C53DA /* AppDelegate.m */ = {isa = PBXFileReference; lastKnownFileType = sourcecode.c.objc; path = AppDelegate.m; sourceTree = "<group>"; };
		52945FD625DCFB27005C53DA /* SceneDelegate.h */ = {isa = PBXFileReference; lastKnownFileType = sourcecode.c.h; path = SceneDelegate.h; sourceTree = "<group>"; };
		52945FD725DCFB27005C53DA /* SceneDelegate.m */ = {isa = PBXFileReference; lastKnownFileType = sourcecode.c.objc; path = SceneDelegate.m; sourceTree = "<group>"; };
		52945FD925DCFB27005C53DA /* ViewController.h */ = {isa = PBXFileReference; lastKnownFileType = sourcecode.c.h; path = ViewController.h; sourceTree = "<group>"; };
		52945FDA25DCFB27005C53DA /* ViewController.m */ = {isa = PBXFileReference; lastKnownFileType = sourcecode.c.objc; path = ViewController.m; sourceTree = "<group>"; };
		52945FDD25DCFB27005C53DA /* Base */ = {isa = PBXFileReference; lastKnownFileType = file.storyboard; name = Base; path = Base.lproj/Main.storyboard; sourceTree = "<group>"; };
		52945FDF25DCFB28005C53DA /* Assets.xcassets */ = {isa = PBXFileReference; lastKnownFileType = folder.assetcatalog; path = Assets.xcassets; sourceTree = "<group>"; };
		52945FE225DCFB28005C53DA /* Base */ = {isa = PBXFileReference; lastKnownFileType = file.storyboard; name = Base; path = Base.lproj/LaunchScreen.storyboard; sourceTree = "<group>"; };
		52945FE425DCFB28005C53DA /* Info.plist */ = {isa = PBXFileReference; lastKnownFileType = text.plist.xml; path = Info.plist; sourceTree = "<group>"; };
		52945FE525DCFB28005C53DA /* main.m */ = {isa = PBXFileReference; lastKnownFileType = sourcecode.c.objc; path = main.m; sourceTree = "<group>"; };
		52945FEB25DCFB28005C53DA /* unLockTests.xctest */ = {isa = PBXFileReference; explicitFileType = wrapper.cfbundle; includeInIndex = 0; path = unLockTests.xctest; sourceTree = BUILT_PRODUCTS_DIR; };
		52945FEF25DCFB28005C53DA /* unLockTests.m */ = {isa = PBXFileReference; lastKnownFileType = sourcecode.c.objc; path = unLockTests.m; sourceTree = "<group>"; };
		52945FF125DCFB28005C53DA /* Info.plist */ = {isa = PBXFileReference; lastKnownFileType = text.plist.xml; path = Info.plist; sourceTree = "<group>"; };
		52945FF625DCFB28005C53DA /* unLockUITests.xctest */ = {isa = PBXFileReference; explicitFileType = wrapper.cfbundle; includeInIndex = 0; path = unLockUITests.xctest; sourceTree = BUILT_PRODUCTS_DIR; };
		52945FFA25DCFB28005C53DA /* unLockUITests.m */ = {isa = PBXFileReference; lastKnownFileType = sourcecode.c.objc; path = unLockUITests.m; sourceTree = "<group>"; };
		52945FFC25DCFB28005C53DA /* Info.plist */ = {isa = PBXFileReference; lastKnownFileType = text.plist.xml; path = Info.plist; sourceTree = "<group>"; };
		5294600B25DCFBEE005C53DA /* unLockView.h */ = {isa = PBXFileReference; lastKnownFileType = sourcecode.c.h; path = unLockView.h; sourceTree = "<group>"; };
		5294600C25DCFBEE005C53DA /* unLockView.m */ = {isa = PBXFileReference; lastKnownFileType = sourcecode.c.objc; path = unLockView.m; sourceTree = "<group>"; };
/* End PBXFileReference section */

/* Begin PBXFrameworksBuildPhase section */
		52945FCD25DCFB27005C53DA /* Frameworks */ = {
			isa = PBXFrameworksBuildPhase;
			buildActionMask = 2147483647;
			files = (
			);
			runOnlyForDeploymentPostprocessing = 0;
		};
		52945FE825DCFB28005C53DA /* Frameworks */ = {
			isa = PBXFrameworksBuildPhase;
			buildActionMask = 2147483647;
			files = (
			);
			runOnlyForDeploymentPostprocessing = 0;
		};
		52945FF325DCFB28005C53DA /* Frameworks */ = {
			isa = PBXFrameworksBuildPhase;
			buildActionMask = 2147483647;
			files = (
			);
			runOnlyForDeploymentPostprocessing = 0;
		};
/* End PBXFrameworksBuildPhase section */

/* Begin PBXGroup section */
		52945FC725DCFB27005C53DA = {
			isa = PBXGroup;
			children = (
				52945FD225DCFB27005C53DA /* unLock */,
				52945FEE25DCFB28005C53DA /* unLockTests */,
				52945FF925DCFB28005C53DA /* unLockUITests */,
				52945FD125DCFB27005C53DA /* Products */,
			);
			sourceTree = "<group>";
		};
		52945FD125DCFB27005C53DA /* Products */ = {
			isa = PBXGroup;
			children = (
				52945FD025DCFB27005C53DA /* unLock.app */,
				52945FEB25DCFB28005C53DA /* unLockTests.xctest */,
				52945FF625DCFB28005C53DA /* unLockUITests.xctest */,
			);
			name = Products;
			sourceTree = "<group>";
		};
		52945FD225DCFB27005C53DA /* unLock */ = {
			isa = PBXGroup;
			children = (
				52945FD325DCFB27005C53DA /* AppDelegate.h */,
				52945FD425DCFB27005C53DA /* AppDelegate.m */,
				52945FD625DCFB27005C53DA /* SceneDelegate.h */,
				52945FD725DCFB27005C53DA /* SceneDelegate.m */,
				52945FD925DCFB27005C53DA /* ViewController.h */,
				52945FDA25DCFB27005C53DA /* ViewController.m */,
				5294600B25DCFBEE005C53DA /* unLockView.h */,
				5294600C25DCFBEE005C53DA /* unLockView.m */,
				52945FDC25DCFB27005C53DA /* Main.storyboard */,
				52945FDF25DCFB28005C53DA /* Assets.xcassets */,
				52945FE125DCFB28005C53DA /* LaunchScreen.storyboard */,
				52945FE425DCFB28005C53DA /* Info.plist */,
				52945FE525DCFB28005C53DA /* main.m */,
			);
			path = unLock;
			sourceTree = "<group>";
		};
		52945FEE25DCFB28005C53DA /* unLockTests */ = {
			isa = PBXGroup;
			children = (
				52945FEF25DCFB28005C53DA /* unLockTests.m */,
				52945FF125DCFB28005C53DA /* Info.plist */,
			);
			path = unLockTests;
			sourceTree = "<group>";
		};
		52945FF925DCFB28005C53DA /* unLockUITests */ = {
			isa = PBXGroup;
			children = (
				52945FFA25DCFB28005C53DA /* unLockUITests.m */,
				52945FFC25DCFB28005C53DA /* Info.plist */,
			);
			path = unLockUITests;
			sourceTree = "<group>";
		};
/* End PBXGroup section */

/* Begin PBXNativeTarget section */
		52945FCF25DCFB27005C53DA /* unLock */ = {
			isa = PBXNativeTarget;
			buildConfigurationList = 52945FFF25DCFB28005C53DA /* Build configuration list for PBXNativeTarget "unLock" */;
			buildPhases = (
				52945FCC25DCFB27005C53DA /* Sources */,
				52945FCD25DCFB27005C53DA /* Frameworks */,
				52945FCE25DCFB27005C53DA /* Resources */,
			);
			buildRules = (
			);
			dependencies = (
			);
			name = unLock;
			productName = unLock;
			productReference = 52945FD025DCFB27005C53DA /* unLock.app */;
			productType = "com.apple.product-type.application";
		};
		52945FEA25DCFB28005C53DA /* unLockTests */ = {
			isa = PBXNativeTarget;
			buildConfigurationList = 5294600225DCFB28005C53DA /* Build configuration list for PBXNativeTarget "unLockTests" */;
			buildPhases = (
				52945FE725DCFB28005C53DA /* Sources */,
				52945FE825DCFB28005C53DA /* Frameworks */,
				52945FE925DCFB28005C53DA /* Resources */,
			);
			buildRules = (
			);
			dependencies = (
				52945FED25DCFB28005C53DA /* PBXTargetDependency */,
			);
			name = unLockTests;
			productName = unLockTests;
			productReference = 52945FEB25DCFB28005C53DA /* unLockTests.xctest */;
			productType = "com.apple.product-type.bundle.unit-test";
		};
		52945FF525DCFB28005C53DA /* unLockUITests */ = {
			isa = PBXNativeTarget;
			buildConfigurationList = 5294600525DCFB28005C53DA /* Build configuration list for PBXNativeTarget "unLockUITests" */;
			buildPhases = (
				52945FF225DCFB28005C53DA /* Sources */,
				52945FF325DCFB28005C53DA /* Frameworks */,
				52945FF425DCFB28005C53DA /* Resources */,
			);
			buildRules = (
			);
			dependencies = (
				52945FF825DCFB28005C53DA /* PBXTargetDependency */,
			);
			name = unLockUITests;
			productName = unLockUITests;
			productReference = 52945FF625DCFB28005C53DA /* unLockUITests.xctest */;
			productType = "com.apple.product-type.bundle.ui-testing";
		};
/* End PBXNativeTarget section */

/* Begin PBXProject section */
		52945FC825DCFB27005C53DA /* Project object */ = {
			isa = PBXProject;
			attributes = {
				LastUpgradeCheck = 1210;
				TargetAttributes = {
					52945FCF25DCFB27005C53DA = {
						CreatedOnToolsVersion = 12.1;
					};
					52945FEA25DCFB28005C53DA = {
						CreatedOnToolsVersion = 12.1;
						TestTargetID = 52945FCF25DCFB27005C53DA;
					};
					52945FF525DCFB28005C53DA = {
						CreatedOnToolsVersion = 12.1;
						TestTargetID = 52945FCF25DCFB27005C53DA;
					};
				};
			};
			buildConfigurationList = 52945FCB25DCFB27005C53DA /* Build configuration list for PBXProject "unLock" */;
			compatibilityVersion = "Xcode 9.3";
			developmentRegion = en;
			hasScannedForEncodings = 0;
			knownRegions = (
				en,
				Base,
			);
			mainGroup = 52945FC725DCFB27005C53DA;
			productRefGroup = 52945FD125DCFB27005C53DA /* Products */;
			projectDirPath = "";
			projectRoot = "";
			targets = (
				52945FCF25DCFB27005C53DA /* unLock */,
				52945FEA25DCFB28005C53DA /* unLockTests */,
				52945FF525DCFB28005C53DA /* unLockUITests */,
			);
		};
/* End PBXProject section */

/* Begin PBXResourcesBuildPhase section */
		52945FCE25DCFB27005C53DA /* Resources */ = {
			isa = PBXResourcesBuildPhase;
			buildActionMask = 2147483647;
			files = (
				52945FE325DCFB28005C53DA /* LaunchScreen.storyboard in Resources */,
				52945FE025DCFB28005C53DA /* Assets.xcassets in Resources */,
				52945FDE25DCFB27005C53DA /* Main.storyboard in Resources */,
			);
			runOnlyForDeploymentPostprocessing = 0;
		};
		52945FE925DCFB28005C53DA /* Resources */ = {
			isa = PBXResourcesBuildPhase;
			buildActionMask = 2147483647;
			files = (
			);
			runOnlyForDeploymentPostprocessing = 0;
		};
		52945FF425DCFB28005C53DA /* Resources */ = {
			isa = PBXResourcesBuildPhase;
			buildActionMask = 2147483647;
			files = (
			);
			runOnlyForDeploymentPostprocessing = 0;
		};
/* End PBXResourcesBuildPhase section */

/* Begin PBXSourcesBuildPhase section */
		52945FCC25DCFB27005C53DA /* Sources */ = {
			isa = PBXSourcesBuildPhase;
			buildActionMask = 2147483647;
			files = (
				52945FDB25DCFB27005C53DA /* ViewController.m in Sources */,
				52945FD525DCFB27005C53DA /* AppDelegate.m in Sources */,
				52945FE625DCFB28005C53DA /* main.m in Sources */,
				5294600D25DCFBEE005C53DA /* unLockView.m in Sources */,
				52945FD825DCFB27005C53DA /* SceneDelegate.m in Sources */,
			);
			runOnlyForDeploymentPostprocessing = 0;
		};
		52945FE725DCFB28005C53DA /* Sources */ = {
			isa = PBXSourcesBuildPhase;
			buildActionMask = 2147483647;
			files = (
				52945FF025DCFB28005C53DA /* unLockTests.m in Sources */,
			);
			runOnlyForDeploymentPostprocessing = 0;
		};
		52945FF225DCFB28005C53DA /* Sources */ = {
			isa = PBXSourcesBuildPhase;
			buildActionMask = 2147483647;
			files = (
				52945FFB25DCFB28005C53DA /* unLockUITests.m in Sources */,
			);
			runOnlyForDeploymentPostprocessing = 0;
		};
/* End PBXSourcesBuildPhase section */

/* Begin PBXTargetDependency section */
		52945FED25DCFB28005C53DA /* PBXTargetDependency */ = {
			isa = PBXTargetDependency;
			target = 52945FCF25DCFB27005C53DA /* unLock */;
			targetProxy = 52945FEC25DCFB28005C53DA /* PBXContainerItemProxy */;
		};
		52945FF825DCFB28005C53DA /* PBXTargetDependency */ = {
			isa = PBXTargetDependency;
			target = 52945FCF25DCFB27005C53DA /* unLock */;
			targetProxy = 52945FF725DCFB28005C53DA /* PBXContainerItemProxy */;
		};
/* End PBXTargetDependency section */

/* Begin PBXVariantGroup section */
		52945FDC25DCFB27005C53DA /* Main.storyboard */ = {
			isa = PBXVariantGroup;
			children = (
				52945FDD25DCFB27005C53DA /* Base */,
			);
			name = Main.storyboard;
			sourceTree = "<group>";
		};
		52945FE125DCFB28005C53DA /* LaunchScreen.storyboard */ = {
			isa = PBXVariantGroup;
			children = (
				52945FE225DCFB28005C53DA /* Base */,
			);
			name = LaunchScreen.storyboard;
			sourceTree = "<group>";
		};
/* End PBXVariantGroup section */

/* Begin XCBuildConfiguration section */
		52945FFD25DCFB28005C53DA /* Debug */ = {
			isa = XCBuildConfiguration;
			buildSettings = {
				ALWAYS_SEARCH_USER_PATHS = NO;
				CLANG_ANALYZER_NONNULL = YES;
				CLANG_ANALYZER_NUMBER_OBJECT_CONVERSION = YES_AGGRESSIVE;
				CLANG_CXX_LANGUAGE_STANDARD = "gnu++14";
				CLANG_CXX_LIBRARY = "libc++";
				CLANG_ENABLE_MODULES = YES;
				CLANG_ENABLE_OBJC_ARC = YES;
				CLANG_ENABLE_OBJC_WEAK = YES;
				CLANG_WARN_BLOCK_CAPTURE_AUTORELEASING = YES;
				CLANG_WARN_BOOL_CONVERSION = YES;
				CLANG_WARN_COMMA = YES;
				CLANG_WARN_CONSTANT_CONVERSION = YES;
				CLANG_WARN_DEPRECATED_OBJC_IMPLEMENTATIONS = YES;
				CLANG_WARN_DIRECT_OBJC_ISA_USAGE = YES_ERROR;
				CLANG_WARN_DOCUMENTATION_COMMENTS = YES;
				CLANG_WARN_EMPTY_BODY = YES;
				CLANG_WARN_ENUM_CONVERSION = YES;
				CLANG_WARN_INFINITE_RECURSION = YES;
				CLANG_WARN_INT_CONVERSION = YES;
				CLANG_WARN_NON_LITERAL_NULL_CONVERSION = YES;
				CLANG_WARN_OBJC_IMPLICIT_RETAIN_SELF = YES;
				CLANG_WARN_OBJC_LITERAL_CONVERSION = YES;
				CLANG_WARN_OBJC_ROOT_CLASS = YES_ERROR;
				CLANG_WARN_QUOTED_INCLUDE_IN_FRAMEWORK_HEADER = YES;
				CLANG_WARN_RANGE_LOOP_ANALYSIS = YES;
				CLANG_WARN_STRICT_PROTOTYPES = YES;
				CLANG_WARN_SUSPICIOUS_MOVE = YES;
				CLANG_WARN_UNGUARDED_AVAILABILITY = YES_AGGRESSIVE;
				CLANG_WARN_UNREACHABLE_CODE = YES;
				CLANG_WARN__DUPLICATE_METHOD_MATCH = YES;
				COPY_PHASE_STRIP = NO;
				DEBUG_INFORMATION_FORMAT = dwarf;
				ENABLE_STRICT_OBJC_MSGSEND = YES;
				ENABLE_TESTABILITY = YES;
				GCC_C_LANGUAGE_STANDARD = gnu11;
				GCC_DYNAMIC_NO_PIC = NO;
				GCC_NO_COMMON_BLOCKS = YES;
				GCC_OPTIMIZATION_LEVEL = 0;
				GCC_PREPROCESSOR_DEFINITIONS = (
					"DEBUG=1",
					"$(inherited)",
				);
				GCC_WARN_64_TO_32_BIT_CONVERSION = YES;
				GCC_WARN_ABOUT_RETURN_TYPE = YES_ERROR;
				GCC_WARN_UNDECLARED_SELECTOR = YES;
				GCC_WARN_UNINITIALIZED_AUTOS = YES_AGGRESSIVE;
				GCC_WARN_UNUSED_FUNCTION = YES;
				GCC_WARN_UNUSED_VARIABLE = YES;
				IPHONEOS_DEPLOYMENT_TARGET = 14.1;
				MTL_ENABLE_DEBUG_INFO = INCLUDE_SOURCE;
				MTL_FAST_MATH = YES;
				ONLY_ACTIVE_ARCH = YES;
				SDKROOT = iphoneos;
			};
			name = Debug;
		};
		52945FFE25DCFB28005C53DA /* Release */ = {
			isa = XCBuildConfiguration;
			buildSettings = {
				ALWAYS_SEARCH_USER_PATHS = NO;
				CLANG_ANALYZER_NONNULL = YES;
				CLANG_ANALYZER_NUMBER_OBJECT_CONVERSION = YES_AGGRESSIVE;
				CLANG_CXX_LANGUAGE_STANDARD = "gnu++14";
				CLANG_CXX_LIBRARY = "libc++";
				CLANG_ENABLE_MODULES = YES;
				CLANG_ENABLE_OBJC_ARC = YES;
				CLANG_ENABLE_OBJC_WEAK = YES;
				CLANG_WARN_BLOCK_CAPTURE_AUTORELEASING = YES;
				CLANG_WARN_BOOL_CONVERSION = YES;
				CLANG_WARN_COMMA = YES;
				CLANG_WARN_CONSTANT_CONVERSION = YES;
				CLANG_WARN_DEPRECATED_OBJC_IMPLEMENTATIONS = YES;
				CLANG_WARN_DIRECT_OBJC_ISA_USAGE = YES_ERROR;
				CLANG_WARN_DOCUMENTATION_COMMENTS = YES;
				CLANG_WARN_EMPTY_BODY = YES;
				CLANG_WARN_ENUM_CONVERSION = YES;
				CLANG_WARN_INFINITE_RECURSION = YES;
				CLANG_WARN_INT_CONVERSION = YES;
				CLANG_WARN_NON_LITERAL_NULL_CONVERSION = YES;
				CLANG_WARN_OBJC_IMPLICIT_RETAIN_SELF = YES;
				CLANG_WARN_OBJC_LITERAL_CONVERSION = YES;
				CLANG_WARN_OBJC_ROOT_CLASS = YES_ERROR;
				CLANG_WARN_QUOTED_INCLUDE_IN_FRAMEWORK_HEADER = YES;
				CLANG_WARN_RANGE_LOOP_ANALYSIS = YES;
				CLANG_WARN_STRICT_PROTOTYPES = YES;
				CLANG_WARN_SUSPICIOUS_MOVE = YES;
				CLANG_WARN_UNGUARDED_AVAILABILITY = YES_AGGRESSIVE;
				CLANG_WARN_UNREACHABLE_CODE = YES;
				CLANG_WARN__DUPLICATE_METHOD_MATCH = YES;
				COPY_PHASE_STRIP = NO;
				DEBUG_INFORMATION_FORMAT = "dwarf-with-dsym";
				ENABLE_NS_ASSERTIONS = NO;
				ENABLE_STRICT_OBJC_MSGSEND = YES;
				GCC_C_LANGUAGE_STANDARD = gnu11;
				GCC_NO_COMMON_BLOCKS = YES;
				GCC_WARN_64_TO_32_BIT_CONVERSION = YES;
				GCC_WARN_ABOUT_RETURN_TYPE = YES_ERROR;
				GCC_WARN_UNDECLARED_SELECTOR = YES;
				GCC_WARN_UNINITIALIZED_AUTOS = YES_AGGRESSIVE;
				GCC_WARN_UNUSED_FUNCTION = YES;
				GCC_WARN_UNUSED_VARIABLE = YES;
				IPHONEOS_DEPLOYMENT_TARGET = 14.1;
				MTL_ENABLE_DEBUG_INFO = NO;
				MTL_FAST_MATH = YES;
				SDKROOT = iphoneos;
				VALIDATE_PRODUCT = YES;
			};
			name = Release;
		};
		5294600025DCFB28005C53DA /* Debug */ = {
			isa = XCBuildConfiguration;
			buildSettings = {
				ASSETCATALOG_COMPILER_APPICON_NAME = AppIcon;
				ASSETCATALOG_COMPILER_GLOBAL_ACCENT_COLOR_NAME = AccentColor;
				CODE_SIGN_STYLE = Automatic;
				DEVELOPMENT_TEAM = 9ZJZGZB2QL;
				INFOPLIST_FILE = unLock/Info.plist;
				LD_RUNPATH_SEARCH_PATHS = (
					"$(inherited)",
					"@executable_path/Frameworks",
				);
				PRODUCT_BUNDLE_IDENTIFIER = kkkak.unLock;
				PRODUCT_NAME = "$(TARGET_NAME)";
				TARGETED_DEVICE_FAMILY = "1,2";
			};
			name = Debug;
		};
		5294600125DCFB28005C53DA /* Release */ = {
			isa = XCBuildConfiguration;
			buildSettings = {
				ASSETCATALOG_COMPILER_APPICON_NAME = AppIcon;
				ASSETCATALOG_COMPILER_GLOBAL_ACCENT_COLOR_NAME = AccentColor;
				CODE_SIGN_STYLE = Automatic;
				DEVELOPMENT_TEAM = 9ZJZGZB2QL;
				INFOPLIST_FILE = unLock/Info.plist;
				LD_RUNPATH_SEARCH_PATHS = (
					"$(inherited)",
					"@executable_path/Frameworks",
				);
				PRODUCT_BUNDLE_IDENTIFIER = kkkak.unLock;
				PRODUCT_NAME = "$(TARGET_NAME)";
				TARGETED_DEVICE_FAMILY = "1,2";
			};
			name = Release;
		};
		5294600325DCFB28005C53DA /* Debug */ = {
			isa = XCBuildConfiguration;
			buildSettings = {
				BUNDLE_LOADER = "$(TEST_HOST)";
				CODE_SIGN_STYLE = Automatic;
				DEVELOPMENT_TEAM = 9ZJZGZB2QL;
				INFOPLIST_FILE = unLockTests/Info.plist;
				IPHONEOS_DEPLOYMENT_TARGET = 14.1;
				LD_RUNPATH_SEARCH_PATHS = (
					"$(inherited)",
					"@executable_path/Frameworks",
					"@loader_path/Frameworks",
				);
				PRODUCT_BUNDLE_IDENTIFIER = kkkak.unLockTests;
				PRODUCT_NAME = "$(TARGET_NAME)";
				TARGETED_DEVICE_FAMILY = "1,2";
				TEST_HOST = "$(BUILT_PRODUCTS_DIR)/unLock.app/unLock";
			};
			name = Debug;
		};
		5294600425DCFB28005C53DA /* Release */ = {
			isa = XCBuildConfiguration;
			buildSettings = {
				BUNDLE_LOADER = "$(TEST_HOST)";
				CODE_SIGN_STYLE = Automatic;
				DEVELOPMENT_TEAM = 9ZJZGZB2QL;
				INFOPLIST_FILE = unLockTests/Info.plist;
				IPHONEOS_DEPLOYMENT_TARGET = 14.1;
				LD_RUNPATH_SEARCH_PATHS = (
					"$(inherited)",
					"@executable_path/Frameworks",
					"@loader_path/Frameworks",
				);
				PRODUCT_BUNDLE_IDENTIFIER = kkkak.unLockTests;
				PRODUCT_NAME = "$(TARGET_NAME)";
				TARGETED_DEVICE_FAMILY = "1,2";
				TEST_HOST = "$(BUILT_PRODUCTS_DIR)/unLock.app/unLock";
			};
			name = Release;
		};
		5294600625DCFB28005C53DA /* Debug */ = {
			isa = XCBuildConfiguration;
			buildSettings = {
				CODE_SIGN_STYLE = Automatic;
				DEVELOPMENT_TEAM = 9ZJZGZB2QL;
				INFOPLIST_FILE = unLockUITests/Info.plist;
				LD_RUNPATH_SEARCH_PATHS = (
					"$(inherited)",
					"@executable_path/Frameworks",
					"@loader_path/Frameworks",
				);
				PRODUCT_BUNDLE_IDENTIFIER = kkkak.unLockUITests;
				PRODUCT_NAME = "$(TARGET_NAME)";
				TARGETED_DEVICE_FAMILY = "1,2";
				TEST_TARGET_NAME = unLock;
			};
			name = Debug;
		};
		5294600725DCFB28005C53DA /* Release */ = {
			isa = XCBuildConfiguration;
			buildSettings = {
				CODE_SIGN_STYLE = Automatic;
				DEVELOPMENT_TEAM = 9ZJZGZB2QL;
				INFOPLIST_FILE = unLockUITests/Info.plist;
				LD_RUNPATH_SEARCH_PATHS = (
					"$(inherited)",
					"@executable_path/Frameworks",
					"@loader_path/Frameworks",
				);
				PRODUCT_BUNDLE_IDENTIFIER = kkkak.unLockUITests;
				PRODUCT_NAME = "$(TARGET_NAME)";
				TARGETED_DEVICE_FAMILY = "1,2";
				TEST_TARGET_NAME = unLock;
			};
			name = Release;
		};
/* End XCBuildConfiguration section */

/* Begin XCConfigurationList section */
		52945FCB25DCFB27005C53DA /* Build configuration list for PBXProject "unLock" */ = {
			isa = XCConfigurationList;
			buildConfigurations = (
				52945FFD25DCFB28005C53DA /* Debug */,
				52945FFE25DCFB28005C53DA /* Release */,
			);
			defaultConfigurationIsVisible = 0;
			defaultConfigurationName = Release;
		};
		52945FFF25DCFB28005C53DA /* Build configuration list for PBXNativeTarget "unLock" */ = {
			isa = XCConfigurationList;
			buildConfigurations = (
				5294600025DCFB28005C53DA /* Debug */,
				5294600125DCFB28005C53DA /* Release */,
			);
			defaultConfigurationIsVisible = 0;
			defaultConfigurationName = Release;
		};
		5294600225DCFB28005C53DA /* Build configuration list for PBXNativeTarget "unLockTests" */ = {
			isa = XCConfigurationList;
			buildConfigurations = (
				5294600325DCFB28005C53DA /* Debug */,
				5294600425DCFB28005C53DA /* Release */,
			);
			defaultConfigurationIsVisible = 0;
			defaultConfigurationName = Release;
		};
		5294600525DCFB28005C53DA /* Build configuration list for PBXNativeTarget "unLockUITests" */ = {
			isa = XCConfigurationList;
			buildConfigurations = (
				5294600625DCFB28005C53DA /* Debug */,
				5294600725DCFB28005C53DA /* Release */,
			);
			defaultConfigurationIsVisible = 0;
			defaultConfigurationName = Release;
		};
/* End XCConfigurationList section */
	};
	rootObject = 52945FC825DCFB27005C53DA /* Project object */;
}
